// !$*UTF8*$!
{
	archiveVersion = 1;
	classes = {
	};
	objectVersion = 56;
	objects = {

/* Begin PBXBuildFile section */
		0115D16928FFFAE3007D65E1 /* AppDelegate.swift in Sources */ = {isa = PBXBuildFile; fileRef = 0115D16828FFFAE3007D65E1 /* AppDelegate.swift */; };
		0115D16B28FFFAE3007D65E1 /* SceneDelegate.swift in Sources */ = {isa = PBXBuildFile; fileRef = 0115D16A28FFFAE3007D65E1 /* SceneDelegate.swift */; };
		0115D16D28FFFAE3007D65E1 /* ViewController.swift in Sources */ = {isa = PBXBuildFile; fileRef = 0115D16C28FFFAE3007D65E1 /* ViewController.swift */; };
		0115D17028FFFAE3007D65E1 /* Main.storyboard in Resources */ = {isa = PBXBuildFile; fileRef = 0115D16E28FFFAE3007D65E1 /* Main.storyboard */; };
		0115D17228FFFAE4007D65E1 /* Assets.xcassets in Resources */ = {isa = PBXBuildFile; fileRef = 0115D17128FFFAE4007D65E1 /* Assets.xcassets */; };
		0115D17528FFFAE4007D65E1 /* LaunchScreen.storyboard in Resources */ = {isa = PBXBuildFile; fileRef = 0115D17328FFFAE4007D65E1 /* LaunchScreen.storyboard */; };
		0115D17D28FFFBC8007D65E1 /* director.jpg in Resources */ = {isa = PBXBuildFile; fileRef = 0115D17C28FFFBC8007D65E1 /* director.jpg */; };
		0115D17F28FFFBDB007D65E1 /* cover.jpg in Resources */ = {isa = PBXBuildFile; fileRef = 0115D17E28FFFBDB007D65E1 /* cover.jpg */; };
		0115D18128FFFBEC007D65E1 /* moviebackground.jpg in Resources */ = {isa = PBXBuildFile; fileRef = 0115D18028FFFBEC007D65E1 /* moviebackground.jpg */; };
		0115D18328FFFBFB007D65E1 /* actor4.jpg in Resources */ = {isa = PBXBuildFile; fileRef = 0115D18228FFFBFA007D65E1 /* actor4.jpg */; };
		0115D18528FFFC08007D65E1 /* actor5.png in Resources */ = {isa = PBXBuildFile; fileRef = 0115D18428FFFC08007D65E1 /* actor5.png */; };
		0115D18728FFFC17007D65E1 /* actor1.jpg in Resources */ = {isa = PBXBuildFile; fileRef = 0115D18628FFFC17007D65E1 /* actor1.jpg */; };
		0115D18928FFFC22007D65E1 /* actor2.jpg in Resources */ = {isa = PBXBuildFile; fileRef = 0115D18828FFFC22007D65E1 /* actor2.jpg */; };
		0115D18B28FFFC30007D65E1 /* actor3.jpg in Resources */ = {isa = PBXBuildFile; fileRef = 0115D18A28FFFC30007D65E1 /* actor3.jpg */; };
/* End PBXBuildFile section */

/* Begin PBXFileReference section */
		0115D16528FFFAE3007D65E1 /* FilmUI.app */ = {isa = PBXFileReference; explicitFileType = wrapper.application; includeInIndex = 0; path = FilmUI.app; sourceTree = BUILT_PRODUCTS_DIR; };
		0115D16828FFFAE3007D65E1 /* AppDelegate.swift */ = {isa = PBXFileReference; lastKnownFileType = sourcecode.swift; path = AppDelegate.swift; sourceTree = "<group>"; };
		0115D16A28FFFAE3007D65E1 /* SceneDelegate.swift */ = {isa = PBXFileReference; lastKnownFileType = sourcecode.swift; path = SceneDelegate.swift; sourceTree = "<group>"; };
		0115D16C28FFFAE3007D65E1 /* ViewController.swift */ = {isa = PBXFileReference; lastKnownFileType = sourcecode.swift; path = ViewController.swift; sourceTree = "<group>"; };
		0115D16F28FFFAE3007D65E1 /* Base */ = {isa = PBXFileReference; lastKnownFileType = file.storyboard; name = Base; path = Base.lproj/Main.storyboard; sourceTree = "<group>"; };
		0115D17128FFFAE4007D65E1 /* Assets.xcassets */ = {isa = PBXFileReference; lastKnownFileType = folder.assetcatalog; path = Assets.xcassets; sourceTree = "<group>"; };
		0115D17428FFFAE4007D65E1 /* Base */ = {isa = PBXFileReference; lastKnownFileType = file.storyboard; name = Base; path = Base.lproj/LaunchScreen.storyboard; sourceTree = "<group>"; };
		0115D17628FFFAE4007D65E1 /* Info.plist */ = {isa = PBXFileReference; lastKnownFileType = text.plist.xml; path = Info.plist; sourceTree = "<group>"; };
		0115D17C28FFFBC8007D65E1 /* director.jpg */ = {isa = PBXFileReference; lastKnownFileType = image.jpeg; name = director.jpg; path = "../../Downloads/1.3 Constraints/1.3 Bonus Film UI/director.jpg"; sourceTree = "<group>"; };
		0115D17E28FFFBDB007D65E1 /* cover.jpg */ = {isa = PBXFileReference; lastKnownFileType = image.jpeg; name = cover.jpg; path = "../../Downloads/1.3 Constraints/1.3 Bonus Film UI/cover.jpg"; sourceTree = "<group>"; };
		0115D18028FFFBEC007D65E1 /* moviebackground.jpg */ = {isa = PBXFileReference; lastKnownFileType = image.jpeg; name = moviebackground.jpg; path = "../../Downloads/1.3 Constraints/1.3 Bonus Film UI/moviebackground.jpg"; sourceTree = "<group>"; };
		0115D18228FFFBFA007D65E1 /* actor4.jpg */ = {isa = PBXFileReference; lastKnownFileType = image.jpeg; name = actor4.jpg; path = "../../Downloads/1.3 Constraints/1.3 Bonus Film UI/actor4.jpg"; sourceTree = "<group>"; };
		0115D18428FFFC08007D65E1 /* actor5.png */ = {isa = PBXFileReference; lastKnownFileType = image.png; name = actor5.png; path = "../../Downloads/1.3 Constraints/1.3 Bonus Film UI/actor5.png"; sourceTree = "<group>"; };
		0115D18628FFFC17007D65E1 /* actor1.jpg */ = {isa = PBXFileReference; lastKnownFileType = image.jpeg; name = actor1.jpg; path = "../../Downloads/1.3 Constraints/1.3 Bonus Film UI/actor1.jpg"; sourceTree = "<group>"; };
		0115D18828FFFC22007D65E1 /* actor2.jpg */ = {isa = PBXFileReference; lastKnownFileType = image.jpeg; name = actor2.jpg; path = "../../Downloads/1.3 Constraints/1.3 Bonus Film UI/actor2.jpg"; sourceTree = "<group>"; };
		0115D18A28FFFC30007D65E1 /* actor3.jpg */ = {isa = PBXFileReference; lastKnownFileType = image.jpeg; name = actor3.jpg; path = "../../Downloads/1.3 Constraints/1.3 Bonus Film UI/actor3.jpg"; sourceTree = "<group>"; };
/* End PBXFileReference section */

/* Begin PBXFrameworksBuildPhase section */
		0115D16228FFFAE3007D65E1 /* Frameworks */ = {
			isa = PBXFrameworksBuildPhase;
			buildActionMask = 2147483647;
			files = (
			);
			runOnlyForDeploymentPostprocessing = 0;
		};
/* End PBXFrameworksBuildPhase section */

/* Begin PBXGroup section */
		0115D15C28FFFAE3007D65E1 = {
			isa = PBXGroup;
			children = (
				0115D16728FFFAE3007D65E1 /* FilmUI */,
				0115D16628FFFAE3007D65E1 /* Products */,
			);
			sourceTree = "<group>";
		};
		0115D16628FFFAE3007D65E1 /* Products */ = {
			isa = PBXGroup;
			children = (
				0115D16528FFFAE3007D65E1 /* FilmUI.app */,
			);
			name = Products;
			sourceTree = "<group>";
		};
		0115D16728FFFAE3007D65E1 /* FilmUI */ = {
			isa = PBXGroup;
			children = (
				0115D16828FFFAE3007D65E1 /* AppDelegate.swift */,
				0115D16A28FFFAE3007D65E1 /* SceneDelegate.swift */,
				0115D16C28FFFAE3007D65E1 /* ViewController.swift */,
				0115D16E28FFFAE3007D65E1 /* Main.storyboard */,
				0115D17128FFFAE4007D65E1 /* Assets.xcassets */,
				0115D18028FFFBEC007D65E1 /* moviebackground.jpg */,
				0115D17C28FFFBC8007D65E1 /* director.jpg */,
				0115D18628FFFC17007D65E1 /* actor1.jpg */,
				0115D18828FFFC22007D65E1 /* actor2.jpg */,
				0115D18A28FFFC30007D65E1 /* actor3.jpg */,
				0115D18228FFFBFA007D65E1 /* actor4.jpg */,
				0115D18428FFFC08007D65E1 /* actor5.png */,
				0115D17E28FFFBDB007D65E1 /* cover.jpg */,
				0115D17328FFFAE4007D65E1 /* LaunchScreen.storyboard */,
				0115D17628FFFAE4007D65E1 /* Info.plist */,
			);
			path = FilmUI;
			sourceTree = "<group>";
		};
/* End PBXGroup section */

/* Begin PBXNativeTarget section */
		0115D16428FFFAE3007D65E1 /* FilmUI */ = {
			isa = PBXNativeTarget;
			buildConfigurationList = 0115D17928FFFAE4007D65E1 /* Build configuration list for PBXNativeTarget "FilmUI" */;
			buildPhases = (
				0115D16128FFFAE3007D65E1 /* Sources */,
				0115D16228FFFAE3007D65E1 /* Frameworks */,
				0115D16328FFFAE3007D65E1 /* Resources */,
			);
			buildRules = (
			);
			dependencies = (
			);
			name = FilmUI;
			productName = FilmUI;
			productReference = 0115D16528FFFAE3007D65E1 /* FilmUI.app */;
			productType = "com.apple.product-type.application";
		};
/* End PBXNativeTarget section */

/* Begin PBXProject section */
		0115D15D28FFFAE3007D65E1 /* Project object */ = {
			isa = PBXProject;
			attributes = {
				BuildIndependentTargetsInParallel = 1;
				LastSwiftUpdateCheck = 1400;
				LastUpgradeCheck = 1400;
				TargetAttributes = {
					0115D16428FFFAE3007D65E1 = {
						CreatedOnToolsVersion = 14.0.1;
					};
				};
			};
			buildConfigurationList = 0115D16028FFFAE3007D65E1 /* Build configuration list for PBXProject "FilmUI" */;
			compatibilityVersion = "Xcode 14.0";
			developmentRegion = en;
			hasScannedForEncodings = 0;
			knownRegions = (
				en,
				Base,
			);
			mainGroup = 0115D15C28FFFAE3007D65E1;
			productRefGroup = 0115D16628FFFAE3007D65E1 /* Products */;
			projectDirPath = "";
			projectRoot = "";
			targets = (
				0115D16428FFFAE3007D65E1 /* FilmUI */,
			);
		};
/* End PBXProject section */

/* Begin PBXResourcesBuildPhase section */
		0115D16328FFFAE3007D65E1 /* Resources */ = {
			isa = PBXResourcesBuildPhase;
			buildActionMask = 2147483647;
			files = (
				0115D18128FFFBEC007D65E1 /* moviebackground.jpg in Resources */,
				0115D17528FFFAE4007D65E1 /* LaunchScreen.storyboard in Resources */,
				0115D17228FFFAE4007D65E1 /* Assets.xcassets in Resources */,
				0115D18528FFFC08007D65E1 /* actor5.png in Resources */,
				0115D18B28FFFC30007D65E1 /* actor3.jpg in Resources */,
				0115D18328FFFBFB007D65E1 /* actor4.jpg in Resources */,
				0115D17F28FFFBDB007D65E1 /* cover.jpg in Resources */,
				0115D18928FFFC22007D65E1 /* actor2.jpg in Resources */,
				0115D17028FFFAE3007D65E1 /* Main.storyboard in Resources */,
				0115D18728FFFC17007D65E1 /* actor1.jpg in Resources */,
				0115D17D28FFFBC8007D65E1 /* director.jpg in Resources */,
			);
			runOnlyForDeploymentPostprocessing = 0;
		};
/* End PBXResourcesBuildPhase section */

/* Begin PBXSourcesBuildPhase section */
		0115D16128FFFAE3007D65E1 /* Sources */ = {
			isa = PBXSourcesBuildPhase;
			buildActionMask = 2147483647;
			files = (
				0115D16D28FFFAE3007D65E1 /* ViewController.swift in Sources */,
				0115D16928FFFAE3007D65E1 /* AppDelegate.swift in Sources */,
				0115D16B28FFFAE3007D65E1 /* SceneDelegate.swift in Sources */,
			);
			runOnlyForDeploymentPostprocessing = 0;
		};
/* End PBXSourcesBuildPhase section */

/* Begin PBXVariantGroup section */
		0115D16E28FFFAE3007D65E1 /* Main.storyboard */ = {
			isa = PBXVariantGroup;
			children = (
				0115D16F28FFFAE3007D65E1 /* Base */,
			);
			name = Main.storyboard;
			sourceTree = "<group>";
		};
		0115D17328FFFAE4007D65E1 /* LaunchScreen.storyboard */ = {
			isa = PBXVariantGroup;
			children = (
				0115D17428FFFAE4007D65E1 /* Base */,
			);
			name = LaunchScreen.storyboard;
			sourceTree = "<group>";
		};
/* End PBXVariantGroup section */

/* Begin XCBuildConfiguration section */
		0115D17728FFFAE4007D65E1 /* Debug */ = {
			isa = XCBuildConfiguration;
			buildSettings = {
				ALWAYS_SEARCH_USER_PATHS = NO;
				CLANG_ANALYZER_NONNULL = YES;
				CLANG_ANALYZER_NUMBER_OBJECT_CONVERSION = YES_AGGRESSIVE;
				CLANG_CXX_LANGUAGE_STANDARD = "gnu++20";
				CLANG_ENABLE_MODULES = YES;
				CLANG_ENABLE_OBJC_ARC = YES;
				CLANG_ENABLE_OBJC_WEAK = YES;
				CLANG_WARN_BLOCK_CAPTURE_AUTORELEASING = YES;
				CLANG_WARN_BOOL_CONVERSION = YES;
				CLANG_WARN_COMMA = YES;
				CLANG_WARN_CONSTANT_CONVERSION = YES;
				CLANG_WARN_DEPRECATED_OBJC_IMPLEMENTATIONS = YES;
				CLANG_WARN_DIRECT_OBJC_ISA_USAGE = YES_ERROR;
				CLANG_WARN_DOCUMENTATION_COMMENTS = YES;
				CLANG_WARN_EMPTY_BODY = YES;
				CLANG_WARN_ENUM_CONVERSION = YES;
				CLANG_WARN_INFINITE_RECURSION = YES;
				CLANG_WARN_INT_CONVERSION = YES;
				CLANG_WARN_NON_LITERAL_NULL_CONVERSION = YES;
				CLANG_WARN_OBJC_IMPLICIT_RETAIN_SELF = YES;
				CLANG_WARN_OBJC_LITERAL_CONVERSION = YES;
				CLANG_WARN_OBJC_ROOT_CLASS = YES_ERROR;
				CLANG_WARN_QUOTED_INCLUDE_IN_FRAMEWORK_HEADER = YES;
				CLANG_WARN_RANGE_LOOP_ANALYSIS = YES;
				CLANG_WARN_STRICT_PROTOTYPES = YES;
				CLANG_WARN_SUSPICIOUS_MOVE = YES;
				CLANG_WARN_UNGUARDED_AVAILABILITY = YES_AGGRESSIVE;
				CLANG_WARN_UNREACHABLE_CODE = YES;
				CLANG_WARN__DUPLICATE_METHOD_MATCH = YES;
				COPY_PHASE_STRIP = NO;
				DEBUG_INFORMATION_FORMAT = dwarf;
				ENABLE_STRICT_OBJC_MSGSEND = YES;
				ENABLE_TESTABILITY = YES;
				GCC_C_LANGUAGE_STANDARD = gnu11;
				GCC_DYNAMIC_NO_PIC = NO;
				GCC_NO_COMMON_BLOCKS = YES;
				GCC_OPTIMIZATION_LEVEL = 0;
				GCC_PREPROCESSOR_DEFINITIONS = (
					"DEBUG=1",
					"$(inherited)",
				);
				GCC_WARN_64_TO_32_BIT_CONVERSION = YES;
				GCC_WARN_ABOUT_RETURN_TYPE = YES_ERROR;
				GCC_WARN_UNDECLARED_SELECTOR = YES;
				GCC_WARN_UNINITIALIZED_AUTOS = YES_AGGRESSIVE;
				GCC_WARN_UNUSED_FUNCTION = YES;
				GCC_WARN_UNUSED_VARIABLE = YES;
				IPHONEOS_DEPLOYMENT_TARGET = 16.0;
				MTL_ENABLE_DEBUG_INFO = INCLUDE_SOURCE;
				MTL_FAST_MATH = YES;
				ONLY_ACTIVE_ARCH = YES;
				SDKROOT = iphoneos;
				SWIFT_ACTIVE_COMPILATION_CONDITIONS = DEBUG;
				SWIFT_OPTIMIZATION_LEVEL = "-Onone";
			};
			name = Debug;
		};
		0115D17828FFFAE4007D65E1 /* Release */ = {
			isa = XCBuildConfiguration;
			buildSettings = {
				ALWAYS_SEARCH_USER_PATHS = NO;
				CLANG_ANALYZER_NONNULL = YES;
				CLANG_ANALYZER_NUMBER_OBJECT_CONVERSION = YES_AGGRESSIVE;
				CLANG_CXX_LANGUAGE_STANDARD = "gnu++20";
				CLANG_ENABLE_MODULES = YES;
				CLANG_ENABLE_OBJC_ARC = YES;
				CLANG_ENABLE_OBJC_WEAK = YES;
				CLANG_WARN_BLOCK_CAPTURE_AUTORELEASING = YES;
				CLANG_WARN_BOOL_CONVERSION = YES;
				CLANG_WARN_COMMA = YES;
				CLANG_WARN_CONSTANT_CONVERSION = YES;
				CLANG_WARN_DEPRECATED_OBJC_IMPLEMENTATIONS = YES;
				CLANG_WARN_DIRECT_OBJC_ISA_USAGE = YES_ERROR;
				CLANG_WARN_DOCUMENTATION_COMMENTS = YES;
				CLANG_WARN_EMPTY_BODY = YES;
				CLANG_WARN_ENUM_CONVERSION = YES;
				CLANG_WARN_INFINITE_RECURSION = YES;
				CLANG_WARN_INT_CONVERSION = YES;
				CLANG_WARN_NON_LITERAL_NULL_CONVERSION = YES;
				CLANG_WARN_OBJC_IMPLICIT_RETAIN_SELF = YES;
				CLANG_WARN_OBJC_LITERAL_CONVERSION = YES;
				CLANG_WARN_OBJC_ROOT_CLASS = YES_ERROR;
				CLANG_WARN_QUOTED_INCLUDE_IN_FRAMEWORK_HEADER = YES;
				CLANG_WARN_RANGE_LOOP_ANALYSIS = YES;
				CLANG_WARN_STRICT_PROTOTYPES = YES;
				CLANG_WARN_SUSPICIOUS_MOVE = YES;
				CLANG_WARN_UNGUARDED_AVAILABILITY = YES_AGGRESSIVE;
				CLANG_WARN_UNREACHABLE_CODE = YES;
				CLANG_WARN__DUPLICATE_METHOD_MATCH = YES;
				COPY_PHASE_STRIP = NO;
				DEBUG_INFORMATION_FORMAT = "dwarf-with-dsym";
				ENABLE_NS_ASSERTIONS = NO;
				ENABLE_STRICT_OBJC_MSGSEND = YES;
				GCC_C_LANGUAGE_STANDARD = gnu11;
				GCC_NO_COMMON_BLOCKS = YES;
				GCC_WARN_64_TO_32_BIT_CONVERSION = YES;
				GCC_WARN_ABOUT_RETURN_TYPE = YES_ERROR;
				GCC_WARN_UNDECLARED_SELECTOR = YES;
				GCC_WARN_UNINITIALIZED_AUTOS = YES_AGGRESSIVE;
				GCC_WARN_UNUSED_FUNCTION = YES;
				GCC_WARN_UNUSED_VARIABLE = YES;
				IPHONEOS_DEPLOYMENT_TARGET = 16.0;
				MTL_ENABLE_DEBUG_INFO = NO;
				MTL_FAST_MATH = YES;
				SDKROOT = iphoneos;
				SWIFT_COMPILATION_MODE = wholemodule;
				SWIFT_OPTIMIZATION_LEVEL = "-O";
				VALIDATE_PRODUCT = YES;
			};
			name = Release;
		};
		0115D17A28FFFAE4007D65E1 /* Debug */ = {
			isa = XCBuildConfiguration;
			buildSettings = {
				ASSETCATALOG_COMPILER_APPICON_NAME = AppIcon;
				ASSETCATALOG_COMPILER_GLOBAL_ACCENT_COLOR_NAME = AccentColor;
				CODE_SIGN_STYLE = Automatic;
				CURRENT_PROJECT_VERSION = 1;
				DEVELOPMENT_TEAM = 6XCD62785X;
				GENERATE_INFOPLIST_FILE = YES;
				INFOPLIST_FILE = FilmUI/Info.plist;
				INFOPLIST_KEY_CFBundleDisplayName = FilmUI;
				INFOPLIST_KEY_UIApplicationSupportsIndirectInputEvents = YES;
				INFOPLIST_KEY_UILaunchStoryboardName = LaunchScreen;
				INFOPLIST_KEY_UIMainStoryboardFile = Main;
				INFOPLIST_KEY_UISupportedInterfaceOrientations_iPad = "UIInterfaceOrientationPortrait UIInterfaceOrientationPortraitUpsideDown UIInterfaceOrientationLandscapeLeft UIInterfaceOrientationLandscapeRight";
				INFOPLIST_KEY_UISupportedInterfaceOrientations_iPhone = "UIInterfaceOrientationPortrait UIInterfaceOrientationLandscapeLeft UIInterfaceOrientationLandscapeRight";
				LD_RUNPATH_SEARCH_PATHS = (
					"$(inherited)",
					"@executable_path/Frameworks",
				);
				MARKETING_VERSION = 1.0;
				PRODUCT_BUNDLE_IDENTIFIER = de.stefan.FilmUI;
				PRODUCT_NAME = "$(TARGET_NAME)";
				SWIFT_EMIT_LOC_STRINGS = YES;
				SWIFT_VERSION = 5.0;
				TARGETED_DEVICE_FAMILY = "1,2";
			};
			name = Debug;
		};
		0115D17B28FFFAE4007D65E1 /* Release */ = {
			isa = XCBuildConfiguration;
			buildSettings = {
				ASSETCATALOG_COMPILER_APPICON_NAME = AppIcon;
				ASSETCATALOG_COMPILER_GLOBAL_ACCENT_COLOR_NAME = AccentColor;
				CODE_SIGN_STYLE = Automatic;
				CURRENT_PROJECT_VERSION = 1;
				DEVELOPMENT_TEAM = 6XCD62785X;
				GENERATE_INFOPLIST_FILE = YES;
				INFOPLIST_FILE = FilmUI/Info.plist;
				INFOPLIST_KEY_CFBundleDisplayName = FilmUI;
				INFOPLIST_KEY_UIApplicationSupportsIndirectInputEvents = YES;
				INFOPLIST_KEY_UILaunchStoryboardName = LaunchScreen;
				INFOPLIST_KEY_UIMainStoryboardFile = Main;
				INFOPLIST_KEY_UISupportedInterfaceOrientations_iPad = "UIInterfaceOrientationPortrait UIInterfaceOrientationPortraitUpsideDown UIInterfaceOrientationLandscapeLeft UIInterfaceOrientationLandscapeRight";
				INFOPLIST_KEY_UISupportedInterfaceOrientations_iPhone = "UIInterfaceOrientationPortrait UIInterfaceOrientationLandscapeLeft UIInterfaceOrientationLandscapeRight";
				LD_RUNPATH_SEARCH_PATHS = (
					"$(inherited)",
					"@executable_path/Frameworks",
				);
				MARKETING_VERSION = 1.0;
				PRODUCT_BUNDLE_IDENTIFIER = de.stefan.FilmUI;
				PRODUCT_NAME = "$(TARGET_NAME)";
				SWIFT_EMIT_LOC_STRINGS = YES;
				SWIFT_VERSION = 5.0;
				TARGETED_DEVICE_FAMILY = "1,2";
			};
			name = Release;
		};
/* End XCBuildConfiguration section */

/* Begin XCConfigurationList section */
		0115D16028FFFAE3007D65E1 /* Build configuration list for PBXProject "FilmUI" */ = {
			isa = XCConfigurationList;
			buildConfigurations = (
				0115D17728FFFAE4007D65E1 /* Debug */,
				0115D17828FFFAE4007D65E1 /* Release */,
			);
			defaultConfigurationIsVisible = 0;
			defaultConfigurationName = Release;
		};
		0115D17928FFFAE4007D65E1 /* Build configuration list for PBXNativeTarget "FilmUI" */ = {
			isa = XCConfigurationList;
			buildConfigurations = (
				0115D17A28FFFAE4007D65E1 /* Debug */,
				0115D17B28FFFAE4007D65E1 /* Release */,
			);
			defaultConfigurationIsVisible = 0;
			defaultConfigurationName = Release;
		};
/* End XCConfigurationList section */
	};
	rootObject = 0115D15D28FFFAE3007D65E1 /* Project object */;
}
